// !$*UTF8*$!
{
	archiveVersion = 1;
	classes = {
	};
	objectVersion = 56;
	objects = {

/* Begin PBXBuildFile section */
		E187631F2A8EB93D00E3A846 /* LazyVGridA_LazyHGridApp.swift in Sources */ = {isa = PBXBuildFile; fileRef = E187631E2A8EB93D00E3A846 /* LazyVGridA_LazyHGridApp.swift */; };
		E18763212A8EB93D00E3A846 /* ContentView.swift in Sources */ = {isa = PBXBuildFile; fileRef = E18763202A8EB93D00E3A846 /* ContentView.swift */; };
		E18763232A8EB94000E3A846 /* Assets.xcassets in Resources */ = {isa = PBXBuildFile; fileRef = E18763222A8EB94000E3A846 /* Assets.xcassets */; };
		E18763262A8EB94000E3A846 /* Preview Assets.xcassets in Resources */ = {isa = PBXBuildFile; fileRef = E18763252A8EB94000E3A846 /* Preview Assets.xcassets */; };
		E18763302A8EB94100E3A846 /* LazyVGridA_LazyHGridTests.swift in Sources */ = {isa = PBXBuildFile; fileRef = E187632F2A8EB94100E3A846 /* LazyVGridA_LazyHGridTests.swift */; };
		E187633A2A8EB94100E3A846 /* LazyVGridA_LazyHGridUITests.swift in Sources */ = {isa = PBXBuildFile; fileRef = E18763392A8EB94100E3A846 /* LazyVGridA_LazyHGridUITests.swift */; };
		E187633C2A8EB94100E3A846 /* LazyVGridA_LazyHGridUITestsLaunchTests.swift in Sources */ = {isa = PBXBuildFile; fileRef = E187633B2A8EB94100E3A846 /* LazyVGridA_LazyHGridUITestsLaunchTests.swift */; };
/* End PBXBuildFile section */

/* Begin PBXContainerItemProxy section */
		E187632C2A8EB94100E3A846 /* PBXContainerItemProxy */ = {
			isa = PBXContainerItemProxy;
			containerPortal = E18763132A8EB93D00E3A846 /* Project object */;
			proxyType = 1;
			remoteGlobalIDString = E187631A2A8EB93D00E3A846;
			remoteInfo = "LazyVGridA&LazyHGrid";
		};
		E18763362A8EB94100E3A846 /* PBXContainerItemProxy */ = {
			isa = PBXContainerItemProxy;
			containerPortal = E18763132A8EB93D00E3A846 /* Project object */;
			proxyType = 1;
			remoteGlobalIDString = E187631A2A8EB93D00E3A846;
			remoteInfo = "LazyVGridA&LazyHGrid";
		};
/* End PBXContainerItemProxy section */

/* Begin PBXFileReference section */
		E187631B2A8EB93D00E3A846 /* LazyVGridA&LazyHGrid.app */ = {isa = PBXFileReference; explicitFileType = wrapper.application; includeInIndex = 0; path = "LazyVGridA&LazyHGrid.app"; sourceTree = BUILT_PRODUCTS_DIR; };
		E187631E2A8EB93D00E3A846 /* LazyVGridA_LazyHGridApp.swift */ = {isa = PBXFileReference; lastKnownFileType = sourcecode.swift; path = LazyVGridA_LazyHGridApp.swift; sourceTree = "<group>"; };
		E18763202A8EB93D00E3A846 /* ContentView.swift */ = {isa = PBXFileReference; lastKnownFileType = sourcecode.swift; path = ContentView.swift; sourceTree = "<group>"; };
		E18763222A8EB94000E3A846 /* Assets.xcassets */ = {isa = PBXFileReference; lastKnownFileType = folder.assetcatalog; path = Assets.xcassets; sourceTree = "<group>"; };
		E18763252A8EB94000E3A846 /* Preview Assets.xcassets */ = {isa = PBXFileReference; lastKnownFileType = folder.assetcatalog; path = "Preview Assets.xcassets"; sourceTree = "<group>"; };
		E187632B2A8EB94100E3A846 /* LazyVGridA&LazyHGridTests.xctest */ = {isa = PBXFileReference; explicitFileType = wrapper.cfbundle; includeInIndex = 0; path = "LazyVGridA&LazyHGridTests.xctest"; sourceTree = BUILT_PRODUCTS_DIR; };
		E187632F2A8EB94100E3A846 /* LazyVGridA_LazyHGridTests.swift */ = {isa = PBXFileReference; lastKnownFileType = sourcecode.swift; path = LazyVGridA_LazyHGridTests.swift; sourceTree = "<group>"; };
		E18763352A8EB94100E3A846 /* LazyVGridA&LazyHGridUITests.xctest */ = {isa = PBXFileReference; explicitFileType = wrapper.cfbundle; includeInIndex = 0; path = "LazyVGridA&LazyHGridUITests.xctest"; sourceTree = BUILT_PRODUCTS_DIR; };
		E18763392A8EB94100E3A846 /* LazyVGridA_LazyHGridUITests.swift */ = {isa = PBXFileReference; lastKnownFileType = sourcecode.swift; path = LazyVGridA_LazyHGridUITests.swift; sourceTree = "<group>"; };
		E187633B2A8EB94100E3A846 /* LazyVGridA_LazyHGridUITestsLaunchTests.swift */ = {isa = PBXFileReference; lastKnownFileType = sourcecode.swift; path = LazyVGridA_LazyHGridUITestsLaunchTests.swift; sourceTree = "<group>"; };
/* End PBXFileReference section */

/* Begin PBXFrameworksBuildPhase section */
		E18763182A8EB93D00E3A846 /* Frameworks */ = {
			isa = PBXFrameworksBuildPhase;
			buildActionMask = 2147483647;
			files = (
			);
			runOnlyForDeploymentPostprocessing = 0;
		};
		E18763282A8EB94100E3A846 /* Frameworks */ = {
			isa = PBXFrameworksBuildPhase;
			buildActionMask = 2147483647;
			files = (
			);
			runOnlyForDeploymentPostprocessing = 0;
		};
		E18763322A8EB94100E3A846 /* Frameworks */ = {
			isa = PBXFrameworksBuildPhase;
			buildActionMask = 2147483647;
			files = (
			);
			runOnlyForDeploymentPostprocessing = 0;
		};
/* End PBXFrameworksBuildPhase section */

/* Begin PBXGroup section */
		E18763122A8EB93D00E3A846 = {
			isa = PBXGroup;
			children = (
				E187631D2A8EB93D00E3A846 /* LazyVGridA&LazyHGrid */,
				E187632E2A8EB94100E3A846 /* LazyVGridA&LazyHGridTests */,
				E18763382A8EB94100E3A846 /* LazyVGridA&LazyHGridUITests */,
				E187631C2A8EB93D00E3A846 /* Products */,
			);
			sourceTree = "<group>";
		};
		E187631C2A8EB93D00E3A846 /* Products */ = {
			isa = PBXGroup;
			children = (
				E187631B2A8EB93D00E3A846 /* LazyVGridA&LazyHGrid.app */,
				E187632B2A8EB94100E3A846 /* LazyVGridA&LazyHGridTests.xctest */,
				E18763352A8EB94100E3A846 /* LazyVGridA&LazyHGridUITests.xctest */,
			);
			name = Products;
			sourceTree = "<group>";
		};
		E187631D2A8EB93D00E3A846 /* LazyVGridA&LazyHGrid */ = {
			isa = PBXGroup;
			children = (
				E187631E2A8EB93D00E3A846 /* LazyVGridA_LazyHGridApp.swift */,
				E18763202A8EB93D00E3A846 /* ContentView.swift */,
				E18763222A8EB94000E3A846 /* Assets.xcassets */,
				E18763242A8EB94000E3A846 /* Preview Content */,
			);
			path = "LazyVGridA&LazyHGrid";
			sourceTree = "<group>";
		};
		E18763242A8EB94000E3A846 /* Preview Content */ = {
			isa = PBXGroup;
			children = (
				E18763252A8EB94000E3A846 /* Preview Assets.xcassets */,
			);
			path = "Preview Content";
			sourceTree = "<group>";
		};
		E187632E2A8EB94100E3A846 /* LazyVGridA&LazyHGridTests */ = {
			isa = PBXGroup;
			children = (
				E187632F2A8EB94100E3A846 /* LazyVGridA_LazyHGridTests.swift */,
			);
			path = "LazyVGridA&LazyHGridTests";
			sourceTree = "<group>";
		};
		E18763382A8EB94100E3A846 /* LazyVGridA&LazyHGridUITests */ = {
			isa = PBXGroup;
			children = (
				E18763392A8EB94100E3A846 /* LazyVGridA_LazyHGridUITests.swift */,
				E187633B2A8EB94100E3A846 /* LazyVGridA_LazyHGridUITestsLaunchTests.swift */,
			);
			path = "LazyVGridA&LazyHGridUITests";
			sourceTree = "<group>";
		};
/* End PBXGroup section */

/* Begin PBXNativeTarget section */
		E187631A2A8EB93D00E3A846 /* LazyVGridA&LazyHGrid */ = {
			isa = PBXNativeTarget;
			buildConfigurationList = E187633F2A8EB94100E3A846 /* Build configuration list for PBXNativeTarget "LazyVGridA&LazyHGrid" */;
			buildPhases = (
				E18763172A8EB93D00E3A846 /* Sources */,
				E18763182A8EB93D00E3A846 /* Frameworks */,
				E18763192A8EB93D00E3A846 /* Resources */,
			);
			buildRules = (
			);
			dependencies = (
			);
			name = "LazyVGridA&LazyHGrid";
			productName = "LazyVGridA&LazyHGrid";
			productReference = E187631B2A8EB93D00E3A846 /* LazyVGridA&LazyHGrid.app */;
			productType = "com.apple.product-type.application";
		};
		E187632A2A8EB94100E3A846 /* LazyVGridA&LazyHGridTests */ = {
			isa = PBXNativeTarget;
			buildConfigurationList = E18763422A8EB94100E3A846 /* Build configuration list for PBXNativeTarget "LazyVGridA&LazyHGridTests" */;
			buildPhases = (
				E18763272A8EB94100E3A846 /* Sources */,
				E18763282A8EB94100E3A846 /* Frameworks */,
				E18763292A8EB94100E3A846 /* Resources */,
			);
			buildRules = (
			);
			dependencies = (
				E187632D2A8EB94100E3A846 /* PBXTargetDependency */,
			);
			name = "LazyVGridA&LazyHGridTests";
			productName = "LazyVGridA&LazyHGridTests";
			productReference = E187632B2A8EB94100E3A846 /* LazyVGridA&LazyHGridTests.xctest */;
			productType = "com.apple.product-type.bundle.unit-test";
		};
		E18763342A8EB94100E3A846 /* LazyVGridA&LazyHGridUITests */ = {
			isa = PBXNativeTarget;
			buildConfigurationList = E18763452A8EB94100E3A846 /* Build configuration list for PBXNativeTarget "LazyVGridA&LazyHGridUITests" */;
			buildPhases = (
				E18763312A8EB94100E3A846 /* Sources */,
				E18763322A8EB94100E3A846 /* Frameworks */,
				E18763332A8EB94100E3A846 /* Resources */,
			);
			buildRules = (
			);
			dependencies = (
				E18763372A8EB94100E3A846 /* PBXTargetDependency */,
			);
			name = "LazyVGridA&LazyHGridUITests";
			productName = "LazyVGridA&LazyHGridUITests";
			productReference = E18763352A8EB94100E3A846 /* LazyVGridA&LazyHGridUITests.xctest */;
			productType = "com.apple.product-type.bundle.ui-testing";
		};
/* End PBXNativeTarget section */

/* Begin PBXProject section */
		E18763132A8EB93D00E3A846 /* Project object */ = {
			isa = PBXProject;
			attributes = {
				BuildIndependentTargetsInParallel = 1;
				LastSwiftUpdateCheck = 1430;
				LastUpgradeCheck = 1430;
				TargetAttributes = {
					E187631A2A8EB93D00E3A846 = {
						CreatedOnToolsVersion = 14.3.1;
					};
					E187632A2A8EB94100E3A846 = {
						CreatedOnToolsVersion = 14.3.1;
						TestTargetID = E187631A2A8EB93D00E3A846;
					};
					E18763342A8EB94100E3A846 = {
						CreatedOnToolsVersion = 14.3.1;
						TestTargetID = E187631A2A8EB93D00E3A846;
					};
				};
			};
			buildConfigurationList = E18763162A8EB93D00E3A846 /* Build configuration list for PBXProject "LazyVGridA&LazyHGrid" */;
			compatibilityVersion = "Xcode 14.0";
			developmentRegion = en;
			hasScannedForEncodings = 0;
			knownRegions = (
				en,
				Base,
			);
			mainGroup = E18763122A8EB93D00E3A846;
			productRefGroup = E187631C2A8EB93D00E3A846 /* Products */;
			projectDirPath = "";
			projectRoot = "";
			targets = (
				E187631A2A8EB93D00E3A846 /* LazyVGridA&LazyHGrid */,
				E187632A2A8EB94100E3A846 /* LazyVGridA&LazyHGridTests */,
				E18763342A8EB94100E3A846 /* LazyVGridA&LazyHGridUITests */,
			);
		};
/* End PBXProject section */

/* Begin PBXResourcesBuildPhase section */
		E18763192A8EB93D00E3A846 /* Resources */ = {
			isa = PBXResourcesBuildPhase;
			buildActionMask = 2147483647;
			files = (
				E18763262A8EB94000E3A846 /* Preview Assets.xcassets in Resources */,
				E18763232A8EB94000E3A846 /* Assets.xcassets in Resources */,
			);
			runOnlyForDeploymentPostprocessing = 0;
		};
		E18763292A8EB94100E3A846 /* Resources */ = {
			isa = PBXResourcesBuildPhase;
			buildActionMask = 2147483647;
			files = (
			);
			runOnlyForDeploymentPostprocessing = 0;
		};
		E18763332A8EB94100E3A846 /* Resources */ = {
			isa = PBXResourcesBuildPhase;
			buildActionMask = 2147483647;
			files = (
			);
			runOnlyForDeploymentPostprocessing = 0;
		};
/* End PBXResourcesBuildPhase section */

/* Begin PBXSourcesBuildPhase section */
		E18763172A8EB93D00E3A846 /* Sources */ = {
			isa = PBXSourcesBuildPhase;
			buildActionMask = 2147483647;
			files = (
				E18763212A8EB93D00E3A846 /* ContentView.swift in Sources */,
				E187631F2A8EB93D00E3A846 /* LazyVGridA_LazyHGridApp.swift in Sources */,
			);
			runOnlyForDeploymentPostprocessing = 0;
		};
		E18763272A8EB94100E3A846 /* Sources */ = {
			isa = PBXSourcesBuildPhase;
			buildActionMask = 2147483647;
			files = (
				E18763302A8EB94100E3A846 /* LazyVGridA_LazyHGridTests.swift in Sources */,
			);
			runOnlyForDeploymentPostprocessing = 0;
		};
		E18763312A8EB94100E3A846 /* Sources */ = {
			isa = PBXSourcesBuildPhase;
			buildActionMask = 2147483647;
			files = (
				E187633C2A8EB94100E3A846 /* LazyVGridA_LazyHGridUITestsLaunchTests.swift in Sources */,
				E187633A2A8EB94100E3A846 /* LazyVGridA_LazyHGridUITests.swift in Sources */,
			);
			runOnlyForDeploymentPostprocessing = 0;
		};
/* End PBXSourcesBuildPhase section */

/* Begin PBXTargetDependency section */
		E187632D2A8EB94100E3A846 /* PBXTargetDependency */ = {
			isa = PBXTargetDependency;
			target = E187631A2A8EB93D00E3A846 /* LazyVGridA&LazyHGrid */;
			targetProxy = E187632C2A8EB94100E3A846 /* PBXContainerItemProxy */;
		};
		E18763372A8EB94100E3A846 /* PBXTargetDependency */ = {
			isa = PBXTargetDependency;
			target = E187631A2A8EB93D00E3A846 /* LazyVGridA&LazyHGrid */;
			targetProxy = E18763362A8EB94100E3A846 /* PBXContainerItemProxy */;
		};
/* End PBXTargetDependency section */

/* Begin XCBuildConfiguration section */
		E187633D2A8EB94100E3A846 /* Debug */ = {
			isa = XCBuildConfiguration;
			buildSettings = {
				ALWAYS_SEARCH_USER_PATHS = NO;
				CLANG_ANALYZER_NONNULL = YES;
				CLANG_ANALYZER_NUMBER_OBJECT_CONVERSION = YES_AGGRESSIVE;
				CLANG_CXX_LANGUAGE_STANDARD = "gnu++20";
				CLANG_ENABLE_MODULES = YES;
				CLANG_ENABLE_OBJC_ARC = YES;
				CLANG_ENABLE_OBJC_WEAK = YES;
				CLANG_WARN_BLOCK_CAPTURE_AUTORELEASING = YES;
				CLANG_WARN_BOOL_CONVERSION = YES;
				CLANG_WARN_COMMA = YES;
				CLANG_WARN_CONSTANT_CONVERSION = YES;
				CLANG_WARN_DEPRECATED_OBJC_IMPLEMENTATIONS = YES;
				CLANG_WARN_DIRECT_OBJC_ISA_USAGE = YES_ERROR;
				CLANG_WARN_DOCUMENTATION_COMMENTS = YES;
				CLANG_WARN_EMPTY_BODY = YES;
				CLANG_WARN_ENUM_CONVERSION = YES;
				CLANG_WARN_INFINITE_RECURSION = YES;
				CLANG_WARN_INT_CONVERSION = YES;
				CLANG_WARN_NON_LITERAL_NULL_CONVERSION = YES;
				CLANG_WARN_OBJC_IMPLICIT_RETAIN_SELF = YES;
				CLANG_WARN_OBJC_LITERAL_CONVERSION = YES;
				CLANG_WARN_OBJC_ROOT_CLASS = YES_ERROR;
				CLANG_WARN_QUOTED_INCLUDE_IN_FRAMEWORK_HEADER = YES;
				CLANG_WARN_RANGE_LOOP_ANALYSIS = YES;
				CLANG_WARN_STRICT_PROTOTYPES = YES;
				CLANG_WARN_SUSPICIOUS_MOVE = YES;
				CLANG_WARN_UNGUARDED_AVAILABILITY = YES_AGGRESSIVE;
				CLANG_WARN_UNREACHABLE_CODE = YES;
				CLANG_WARN__DUPLICATE_METHOD_MATCH = YES;
				COPY_PHASE_STRIP = NO;
				DEBUG_INFORMATION_FORMAT = dwarf;
				ENABLE_STRICT_OBJC_MSGSEND = YES;
				ENABLE_TESTABILITY = YES;
				GCC_C_LANGUAGE_STANDARD = gnu11;
				GCC_DYNAMIC_NO_PIC = NO;
				GCC_NO_COMMON_BLOCKS = YES;
				GCC_OPTIMIZATION_LEVEL = 0;
				GCC_PREPROCESSOR_DEFINITIONS = (
					"DEBUG=1",
					"$(inherited)",
				);
				GCC_WARN_64_TO_32_BIT_CONVERSION = YES;
				GCC_WARN_ABOUT_RETURN_TYPE = YES_ERROR;
				GCC_WARN_UNDECLARED_SELECTOR = YES;
				GCC_WARN_UNINITIALIZED_AUTOS = YES_AGGRESSIVE;
				GCC_WARN_UNUSED_FUNCTION = YES;
				GCC_WARN_UNUSED_VARIABLE = YES;
				IPHONEOS_DEPLOYMENT_TARGET = 16.4;
				MTL_ENABLE_DEBUG_INFO = INCLUDE_SOURCE;
				MTL_FAST_MATH = YES;
				ONLY_ACTIVE_ARCH = YES;
				SDKROOT = iphoneos;
				SWIFT_ACTIVE_COMPILATION_CONDITIONS = DEBUG;
				SWIFT_OPTIMIZATION_LEVEL = "-Onone";
			};
			name = Debug;
		};
		E187633E2A8EB94100E3A846 /* Release */ = {
			isa = XCBuildConfiguration;
			buildSettings = {
				ALWAYS_SEARCH_USER_PATHS = NO;
				CLANG_ANALYZER_NONNULL = YES;
				CLANG_ANALYZER_NUMBER_OBJECT_CONVERSION = YES_AGGRESSIVE;
				CLANG_CXX_LANGUAGE_STANDARD = "gnu++20";
				CLANG_ENABLE_MODULES = YES;
				CLANG_ENABLE_OBJC_ARC = YES;
				CLANG_ENABLE_OBJC_WEAK = YES;
				CLANG_WARN_BLOCK_CAPTURE_AUTORELEASING = YES;
				CLANG_WARN_BOOL_CONVERSION = YES;
				CLANG_WARN_COMMA = YES;
				CLANG_WARN_CONSTANT_CONVERSION = YES;
				CLANG_WARN_DEPRECATED_OBJC_IMPLEMENTATIONS = YES;
				CLANG_WARN_DIRECT_OBJC_ISA_USAGE = YES_ERROR;
				CLANG_WARN_DOCUMENTATION_COMMENTS = YES;
				CLANG_WARN_EMPTY_BODY = YES;
				CLANG_WARN_ENUM_CONVERSION = YES;
				CLANG_WARN_INFINITE_RECURSION = YES;
				CLANG_WARN_INT_CONVERSION = YES;
				CLANG_WARN_NON_LITERAL_NULL_CONVERSION = YES;
				CLANG_WARN_OBJC_IMPLICIT_RETAIN_SELF = YES;
				CLANG_WARN_OBJC_LITERAL_CONVERSION = YES;
				CLANG_WARN_OBJC_ROOT_CLASS = YES_ERROR;
				CLANG_WARN_QUOTED_INCLUDE_IN_FRAMEWORK_HEADER = YES;
				CLANG_WARN_RANGE_LOOP_ANALYSIS = YES;
				CLANG_WARN_STRICT_PROTOTYPES = YES;
				CLANG_WARN_SUSPICIOUS_MOVE = YES;
				CLANG_WARN_UNGUARDED_AVAILABILITY = YES_AGGRESSIVE;
				CLANG_WARN_UNREACHABLE_CODE = YES;
				CLANG_WARN__DUPLICATE_METHOD_MATCH = YES;
				COPY_PHASE_STRIP = NO;
				DEBUG_INFORMATION_FORMAT = "dwarf-with-dsym";
				ENABLE_NS_ASSERTIONS = NO;
				ENABLE_STRICT_OBJC_MSGSEND = YES;
				GCC_C_LANGUAGE_STANDARD = gnu11;
				GCC_NO_COMMON_BLOCKS = YES;
				GCC_WARN_64_TO_32_BIT_CONVERSION = YES;
				GCC_WARN_ABOUT_RETURN_TYPE = YES_ERROR;
				GCC_WARN_UNDECLARED_SELECTOR = YES;
				GCC_WARN_UNINITIALIZED_AUTOS = YES_AGGRESSIVE;
				GCC_WARN_UNUSED_FUNCTION = YES;
				GCC_WARN_UNUSED_VARIABLE = YES;
				IPHONEOS_DEPLOYMENT_TARGET = 16.4;
				MTL_ENABLE_DEBUG_INFO = NO;
				MTL_FAST_MATH = YES;
				SDKROOT = iphoneos;
				SWIFT_COMPILATION_MODE = wholemodule;
				SWIFT_OPTIMIZATION_LEVEL = "-O";
				VALIDATE_PRODUCT = YES;
			};
			name = Release;
		};
		E18763402A8EB94100E3A846 /* Debug */ = {
			isa = XCBuildConfiguration;
			buildSettings = {
				ASSETCATALOG_COMPILER_APPICON_NAME = AppIcon;
				ASSETCATALOG_COMPILER_GLOBAL_ACCENT_COLOR_NAME = AccentColor;
				CODE_SIGN_STYLE = Automatic;
				CURRENT_PROJECT_VERSION = 1;
				DEVELOPMENT_ASSET_PATHS = "\"LazyVGridA&LazyHGrid/Preview Content\"";
				DEVELOPMENT_TEAM = P8N864HB76;
				ENABLE_PREVIEWS = YES;
				GENERATE_INFOPLIST_FILE = YES;
				INFOPLIST_KEY_UIApplicationSceneManifest_Generation = YES;
				INFOPLIST_KEY_UIApplicationSupportsIndirectInputEvents = YES;
				INFOPLIST_KEY_UILaunchScreen_Generation = YES;
				INFOPLIST_KEY_UISupportedInterfaceOrientations_iPad = "UIInterfaceOrientationPortrait UIInterfaceOrientationPortraitUpsideDown UIInterfaceOrientationLandscapeLeft UIInterfaceOrientationLandscapeRight";
				INFOPLIST_KEY_UISupportedInterfaceOrientations_iPhone = "UIInterfaceOrientationPortrait UIInterfaceOrientationLandscapeLeft UIInterfaceOrientationLandscapeRight";
				LD_RUNPATH_SEARCH_PATHS = (
					"$(inherited)",
					"@executable_path/Frameworks",
				);
				MARKETING_VERSION = 1.0;
				PRODUCT_BUNDLE_IDENTIFIER = "ikamu.LazyVGridA-LazyHGrid";
				PRODUCT_NAME = "$(TARGET_NAME)";
				SWIFT_EMIT_LOC_STRINGS = YES;
				SWIFT_VERSION = 5.0;
				TARGETED_DEVICE_FAMILY = "1,2";
			};
			name = Debug;
		};
		E18763412A8EB94100E3A846 /* Release */ = {
			isa = XCBuildConfiguration;
			buildSettings = {
				ASSETCATALOG_COMPILER_APPICON_NAME = AppIcon;
				ASSETCATALOG_COMPILER_GLOBAL_ACCENT_COLOR_NAME = AccentColor;
				CODE_SIGN_STYLE = Automatic;
				CURRENT_PROJECT_VERSION = 1;
				DEVELOPMENT_ASSET_PATHS = "\"LazyVGridA&LazyHGrid/Preview Content\"";
				DEVELOPMENT_TEAM = P8N864HB76;
				ENABLE_PREVIEWS = YES;
				GENERATE_INFOPLIST_FILE = YES;
				INFOPLIST_KEY_UIApplicationSceneManifest_Generation = YES;
				INFOPLIST_KEY_UIApplicationSupportsIndirectInputEvents = YES;
				INFOPLIST_KEY_UILaunchScreen_Generation = YES;
				INFOPLIST_KEY_UISupportedInterfaceOrientations_iPad = "UIInterfaceOrientationPortrait UIInterfaceOrientationPortraitUpsideDown UIInterfaceOrientationLandscapeLeft UIInterfaceOrientationLandscapeRight";
				INFOPLIST_KEY_UISupportedInterfaceOrientations_iPhone = "UIInterfaceOrientationPortrait UIInterfaceOrientationLandscapeLeft UIInterfaceOrientationLandscapeRight";
				LD_RUNPATH_SEARCH_PATHS = (
					"$(inherited)",
					"@executable_path/Frameworks",
				);
				MARKETING_VERSION = 1.0;
				PRODUCT_BUNDLE_IDENTIFIER = "ikamu.LazyVGridA-LazyHGrid";
				PRODUCT_NAME = "$(TARGET_NAME)";
				SWIFT_EMIT_LOC_STRINGS = YES;
				SWIFT_VERSION = 5.0;
				TARGETED_DEVICE_FAMILY = "1,2";
			};
			name = Release;
		};
		E18763432A8EB94100E3A846 /* Debug */ = {
			isa = XCBuildConfiguration;
			buildSettings = {
				ALWAYS_EMBED_SWIFT_STANDARD_LIBRARIES = YES;
				BUNDLE_LOADER = "$(TEST_HOST)";
				CODE_SIGN_STYLE = Automatic;
				CURRENT_PROJECT_VERSION = 1;
				DEVELOPMENT_TEAM = P8N864HB76;
				GENERATE_INFOPLIST_FILE = YES;
				IPHONEOS_DEPLOYMENT_TARGET = 16.4;
				MARKETING_VERSION = 1.0;
				PRODUCT_BUNDLE_IDENTIFIER = "ikamu.LazyVGridA-LazyHGridTests";
				PRODUCT_NAME = "$(TARGET_NAME)";
				SWIFT_EMIT_LOC_STRINGS = NO;
				SWIFT_VERSION = 5.0;
				TARGETED_DEVICE_FAMILY = "1,2";
				TEST_HOST = "$(BUILT_PRODUCTS_DIR)/LazyVGridA&LazyHGrid.app/$(BUNDLE_EXECUTABLE_FOLDER_PATH)/LazyVGridA&LazyHGrid";
			};
			name = Debug;
		};
		E18763442A8EB94100E3A846 /* Release */ = {
			isa = XCBuildConfiguration;
			buildSettings = {
				ALWAYS_EMBED_SWIFT_STANDARD_LIBRARIES = YES;
				BUNDLE_LOADER = "$(TEST_HOST)";
				CODE_SIGN_STYLE = Automatic;
				CURRENT_PROJECT_VERSION = 1;
				DEVELOPMENT_TEAM = P8N864HB76;
				GENERATE_INFOPLIST_FILE = YES;
				IPHONEOS_DEPLOYMENT_TARGET = 16.4;
				MARKETING_VERSION = 1.0;
				PRODUCT_BUNDLE_IDENTIFIER = "ikamu.LazyVGridA-LazyHGridTests";
				PRODUCT_NAME = "$(TARGET_NAME)";
				SWIFT_EMIT_LOC_STRINGS = NO;
				SWIFT_VERSION = 5.0;
				TARGETED_DEVICE_FAMILY = "1,2";
				TEST_HOST = "$(BUILT_PRODUCTS_DIR)/LazyVGridA&LazyHGrid.app/$(BUNDLE_EXECUTABLE_FOLDER_PATH)/LazyVGridA&LazyHGrid";
			};
			name = Release;
		};
		E18763462A8EB94100E3A846 /* Debug */ = {
			isa = XCBuildConfiguration;
			buildSettings = {
				ALWAYS_EMBED_SWIFT_STANDARD_LIBRARIES = YES;
				CODE_SIGN_STYLE = Automatic;
				CURRENT_PROJECT_VERSION = 1;
				DEVELOPMENT_TEAM = P8N864HB76;
				GENERATE_INFOPLIST_FILE = YES;
				MARKETING_VERSION = 1.0;
				PRODUCT_BUNDLE_IDENTIFIER = "ikamu.LazyVGridA-LazyHGridUITests";
				PRODUCT_NAME = "$(TARGET_NAME)";
				SWIFT_EMIT_LOC_STRINGS = NO;
				SWIFT_VERSION = 5.0;
				TARGETED_DEVICE_FAMILY = "1,2";
				TEST_TARGET_NAME = "LazyVGridA&LazyHGrid";
			};
			name = Debug;
		};
		E18763472A8EB94100E3A846 /* Release */ = {
			isa = XCBuildConfiguration;
			buildSettings = {
				ALWAYS_EMBED_SWIFT_STANDARD_LIBRARIES = YES;
				CODE_SIGN_STYLE = Automatic;
				CURRENT_PROJECT_VERSION = 1;
				DEVELOPMENT_TEAM = P8N864HB76;
				GENERATE_INFOPLIST_FILE = YES;
				MARKETING_VERSION = 1.0;
				PRODUCT_BUNDLE_IDENTIFIER = "ikamu.LazyVGridA-LazyHGridUITests";
				PRODUCT_NAME = "$(TARGET_NAME)";
				SWIFT_EMIT_LOC_STRINGS = NO;
				SWIFT_VERSION = 5.0;
				TARGETED_DEVICE_FAMILY = "1,2";
				TEST_TARGET_NAME = "LazyVGridA&LazyHGrid";
			};
			name = Release;
		};
/* End XCBuildConfiguration section */

/* Begin XCConfigurationList section */
		E18763162A8EB93D00E3A846 /* Build configuration list for PBXProject "LazyVGridA&LazyHGrid" */ = {
			isa = XCConfigurationList;
			buildConfigurations = (
				E187633D2A8EB94100E3A846 /* Debug */,
				E187633E2A8EB94100E3A846 /* Release */,
			);
			defaultConfigurationIsVisible = 0;
			defaultConfigurationName = Release;
		};
		E187633F2A8EB94100E3A846 /* Build configuration list for PBXNativeTarget "LazyVGridA&LazyHGrid" */ = {
			isa = XCConfigurationList;
			buildConfigurations = (
				E18763402A8EB94100E3A846 /* Debug */,
				E18763412A8EB94100E3A846 /* Release */,
			);
			defaultConfigurationIsVisible = 0;
			defaultConfigurationName = Release;
		};
		E18763422A8EB94100E3A846 /* Build configuration list for PBXNativeTarget "LazyVGridA&LazyHGridTests" */ = {
			isa = XCConfigurationList;
			buildConfigurations = (
				E18763432A8EB94100E3A846 /* Debug */,
				E18763442A8EB94100E3A846 /* Release */,
			);
			defaultConfigurationIsVisible = 0;
			defaultConfigurationName = Release;
		};
		E18763452A8EB94100E3A846 /* Build configuration list for PBXNativeTarget "LazyVGridA&LazyHGridUITests" */ = {
			isa = XCConfigurationList;
			buildConfigurations = (
				E18763462A8EB94100E3A846 /* Debug */,
				E18763472A8EB94100E3A846 /* Release */,
			);
			defaultConfigurationIsVisible = 0;
			defaultConfigurationName = Release;
		};
/* End XCConfigurationList section */
	};
	rootObject = E18763132A8EB93D00E3A846 /* Project object */;
}
